{
  "lockfileVersion": 1,
  "workspaces": {
    "": {
      "name": "neroka",
      "dependencies": {
        "@ai-sdk/anthropic": "^2.0.2",
        "@ai-sdk/deepseek": "^1.0.6",
        "@ai-sdk/mistral": "^2.0.3",
        "@ai-sdk/openai": "^2.0.11",
        "@types/html-to-text": "^9.0.4",
        "@types/sharp": "^0.32.0",
        "@types/yargs": "^17.0.33",
        "ai": "^5.0.11",
        "html-to-text": "^9.0.5",
        "masto": "^7.2.0",
        "moment": "^2.30.1",
        "sharp": "^0.34.3",
        "yargs": "^18.0.0",
      },
      "devDependencies": {
        "@types/bun": "^1.2.20",
        "prettier": "^3.6.2",
        "typescript": "^5.9.2",
      },
    },
  },
  "packages": {
    "@ai-sdk/anthropic": ["@ai-sdk/anthropic@2.0.6", "", { "dependencies": { "@ai-sdk/provider": "2.0.0", "@ai-sdk/provider-utils": "3.0.5" }, "peerDependencies": { "zod": "^3.25.76 || ^4" } }, "sha512-ZSAU1xUebumWF1ldgkq9nz8iT7Ew9DGTX8Z4c2mvmlexifxzOMdj9cNLld5DlRD5dr4ULjSnTZywPKyMlAEcdQ=="],

    "@ai-sdk/deepseek": ["@ai-sdk/deepseek@1.0.11", "", { "dependencies": { "@ai-sdk/openai-compatible": "1.0.11", "@ai-sdk/provider": "2.0.0", "@ai-sdk/provider-utils": "3.0.5" }, "peerDependencies": { "zod": "^3.25.76 || ^4" } }, "sha512-ARTUL+yh5C2OSoxqVeAXxilsrM19x2kWeMwMCbYtXRPKd3T6WWWapIAeuIU6tFIYpF0RX4rdV6U6KEDJdO1SRA=="],

    "@ai-sdk/gateway": ["@ai-sdk/gateway@1.0.11", "", { "dependencies": { "@ai-sdk/provider": "2.0.0", "@ai-sdk/provider-utils": "3.0.5" }, "peerDependencies": { "zod": "^3.25.76 || ^4" } }, "sha512-ErwWS3sPOuWy42eE3AVxlKkTa1XjjKBEtNCOylVKMO5KNyz5qie8QVlLYbULOG56dtxX4zTKX3rQNJudplhcmQ=="],

    "@ai-sdk/mistral": ["@ai-sdk/mistral@2.0.9", "", { "dependencies": { "@ai-sdk/provider": "2.0.0", "@ai-sdk/provider-utils": "3.0.5" }, "peerDependencies": { "zod": "^3.25.76 || ^4" } }, "sha512-N64MTER1/JtMbk3TKUDVLxqBxwmo+m16jZWA4PZDt2HwRK9RclsCqKI1CXazuXqO2LsDXyJmnBZe1sl1xQNMRg=="],

    "@ai-sdk/openai": ["@ai-sdk/openai@2.0.19", "", { "dependencies": { "@ai-sdk/provider": "2.0.0", "@ai-sdk/provider-utils": "3.0.5" }, "peerDependencies": { "zod": "^3.25.76 || ^4" } }, "sha512-sG3/IVaPvV7Vn6513I1bcJILHpLCXbVif2ht6CyROcB9FzXCJe2K5uRbAg30HWsdCEe7xu4OAWtMK6yWTOcsSA=="],

    "@ai-sdk/openai-compatible": ["@ai-sdk/openai-compatible@1.0.11", "", { "dependencies": { "@ai-sdk/provider": "2.0.0", "@ai-sdk/provider-utils": "3.0.5" }, "peerDependencies": { "zod": "^3.25.76 || ^4" } }, "sha512-eRD6dZviy31KYz4YvxAR/c6UEYx3p4pCiWZeDdYdAHj0rn8xZlGVxtQRs1qynhz6IYGOo4aLBf9zVW5w0tI/Uw=="],

    "@ai-sdk/provider": ["@ai-sdk/provider@2.0.0", "", { "dependencies": { "json-schema": "^0.4.0" } }, "sha512-6o7Y2SeO9vFKB8lArHXehNuusnpddKPk7xqL7T2/b+OvXMRIXUO1rR4wcv1hAFUAT9avGZshty3Wlua/XA7TvA=="],

    "@ai-sdk/provider-utils": ["@ai-sdk/provider-utils@3.0.5", "", { "dependencies": { "@ai-sdk/provider": "2.0.0", "@standard-schema/spec": "^1.0.0", "eventsource-parser": "^3.0.3", "zod-to-json-schema": "^3.24.1" }, "peerDependencies": { "zod": "^3.25.76 || ^4" } }, "sha512-HliwB/yzufw3iwczbFVE2Fiwf1XqROB/I6ng8EKUsPM5+2wnIa8f4VbljZcDx+grhFrPV+PnRZH7zBqi8WZM7Q=="],

    "@emnapi/runtime": ["@emnapi/runtime@1.4.5", "", { "dependencies": { "tslib": "^2.4.0" } }, "sha512-++LApOtY0pEEz1zrd9vy1/zXVaVJJ/EbAF3u0fXIzPJEDtnITsBGbbK0EkM72amhl/R5b+5xx0Y/QhcVOpuulg=="],

    "@img/sharp-darwin-arm64": ["@img/sharp-darwin-arm64@0.34.3", "", { "optionalDependencies": { "@img/sharp-libvips-darwin-arm64": "1.2.0" }, "os": "darwin", "cpu": "arm64" }, "sha512-ryFMfvxxpQRsgZJqBd4wsttYQbCxsJksrv9Lw/v798JcQ8+w84mBWuXwl+TT0WJ/WrYOLaYpwQXi3sA9nTIaIg=="],

    "@img/sharp-darwin-x64": ["@img/sharp-darwin-x64@0.34.3", "", { "optionalDependencies": { "@img/sharp-libvips-darwin-x64": "1.2.0" }, "os": "darwin", "cpu": "x64" }, "sha512-yHpJYynROAj12TA6qil58hmPmAwxKKC7reUqtGLzsOHfP7/rniNGTL8tjWX6L3CTV4+5P4ypcS7Pp+7OB+8ihA=="],

    "@img/sharp-libvips-darwin-arm64": ["@img/sharp-libvips-darwin-arm64@1.2.0", "", { "os": "darwin", "cpu": "arm64" }, "sha512-sBZmpwmxqwlqG9ueWFXtockhsxefaV6O84BMOrhtg/YqbTaRdqDE7hxraVE3y6gVM4eExmfzW4a8el9ArLeEiQ=="],

    "@img/sharp-libvips-darwin-x64": ["@img/sharp-libvips-darwin-x64@1.2.0", "", { "os": "darwin", "cpu": "x64" }, "sha512-M64XVuL94OgiNHa5/m2YvEQI5q2cl9d/wk0qFTDVXcYzi43lxuiFTftMR1tOnFQovVXNZJ5TURSDK2pNe9Yzqg=="],

    "@img/sharp-libvips-linux-arm": ["@img/sharp-libvips-linux-arm@1.2.0", "", { "os": "linux", "cpu": "arm" }, "sha512-mWd2uWvDtL/nvIzThLq3fr2nnGfyr/XMXlq8ZJ9WMR6PXijHlC3ksp0IpuhK6bougvQrchUAfzRLnbsen0Cqvw=="],

    "@img/sharp-libvips-linux-arm64": ["@img/sharp-libvips-linux-arm64@1.2.0", "", { "os": "linux", "cpu": "arm64" }, "sha512-RXwd0CgG+uPRX5YYrkzKyalt2OJYRiJQ8ED/fi1tq9WQW2jsQIn0tqrlR5l5dr/rjqq6AHAxURhj2DVjyQWSOA=="],

    "@img/sharp-libvips-linux-ppc64": ["@img/sharp-libvips-linux-ppc64@1.2.0", "", { "os": "linux", "cpu": "ppc64" }, "sha512-Xod/7KaDDHkYu2phxxfeEPXfVXFKx70EAFZ0qyUdOjCcxbjqyJOEUpDe6RIyaunGxT34Anf9ue/wuWOqBW2WcQ=="],

    "@img/sharp-libvips-linux-s390x": ["@img/sharp-libvips-linux-s390x@1.2.0", "", { "os": "linux", "cpu": "s390x" }, "sha512-eMKfzDxLGT8mnmPJTNMcjfO33fLiTDsrMlUVcp6b96ETbnJmd4uvZxVJSKPQfS+odwfVaGifhsB07J1LynFehw=="],

    "@img/sharp-libvips-linux-x64": ["@img/sharp-libvips-linux-x64@1.2.0", "", { "os": "linux", "cpu": "x64" }, "sha512-ZW3FPWIc7K1sH9E3nxIGB3y3dZkpJlMnkk7z5tu1nSkBoCgw2nSRTFHI5pB/3CQaJM0pdzMF3paf9ckKMSE9Tg=="],

    "@img/sharp-libvips-linuxmusl-arm64": ["@img/sharp-libvips-linuxmusl-arm64@1.2.0", "", { "os": "linux", "cpu": "arm64" }, "sha512-UG+LqQJbf5VJ8NWJ5Z3tdIe/HXjuIdo4JeVNADXBFuG7z9zjoegpzzGIyV5zQKi4zaJjnAd2+g2nna8TZvuW9Q=="],

    "@img/sharp-libvips-linuxmusl-x64": ["@img/sharp-libvips-linuxmusl-x64@1.2.0", "", { "os": "linux", "cpu": "x64" }, "sha512-SRYOLR7CXPgNze8akZwjoGBoN1ThNZoqpOgfnOxmWsklTGVfJiGJoC/Lod7aNMGA1jSsKWM1+HRX43OP6p9+6Q=="],

    "@img/sharp-linux-arm": ["@img/sharp-linux-arm@0.34.3", "", { "optionalDependencies": { "@img/sharp-libvips-linux-arm": "1.2.0" }, "os": "linux", "cpu": "arm" }, "sha512-oBK9l+h6KBN0i3dC8rYntLiVfW8D8wH+NPNT3O/WBHeW0OQWCjfWksLUaPidsrDKpJgXp3G3/hkmhptAW0I3+A=="],

    "@img/sharp-linux-arm64": ["@img/sharp-linux-arm64@0.34.3", "", { "optionalDependencies": { "@img/sharp-libvips-linux-arm64": "1.2.0" }, "os": "linux", "cpu": "arm64" }, "sha512-QdrKe3EvQrqwkDrtuTIjI0bu6YEJHTgEeqdzI3uWJOH6G1O8Nl1iEeVYRGdj1h5I21CqxSvQp1Yv7xeU3ZewbA=="],

    "@img/sharp-linux-ppc64": ["@img/sharp-linux-ppc64@0.34.3", "", { "optionalDependencies": { "@img/sharp-libvips-linux-ppc64": "1.2.0" }, "os": "linux", "cpu": "ppc64" }, "sha512-GLtbLQMCNC5nxuImPR2+RgrviwKwVql28FWZIW1zWruy6zLgA5/x2ZXk3mxj58X/tszVF69KK0Is83V8YgWhLA=="],

    "@img/sharp-linux-s390x": ["@img/sharp-linux-s390x@0.34.3", "", { "optionalDependencies": { "@img/sharp-libvips-linux-s390x": "1.2.0" }, "os": "linux", "cpu": "s390x" }, "sha512-3gahT+A6c4cdc2edhsLHmIOXMb17ltffJlxR0aC2VPZfwKoTGZec6u5GrFgdR7ciJSsHT27BD3TIuGcuRT0KmQ=="],

    "@img/sharp-linux-x64": ["@img/sharp-linux-x64@0.34.3", "", { "optionalDependencies": { "@img/sharp-libvips-linux-x64": "1.2.0" }, "os": "linux", "cpu": "x64" }, "sha512-8kYso8d806ypnSq3/Ly0QEw90V5ZoHh10yH0HnrzOCr6DKAPI6QVHvwleqMkVQ0m+fc7EH8ah0BB0QPuWY6zJQ=="],

    "@img/sharp-linuxmusl-arm64": ["@img/sharp-linuxmusl-arm64@0.34.3", "", { "optionalDependencies": { "@img/sharp-libvips-linuxmusl-arm64": "1.2.0" }, "os": "linux", "cpu": "arm64" }, "sha512-vAjbHDlr4izEiXM1OTggpCcPg9tn4YriK5vAjowJsHwdBIdx0fYRsURkxLG2RLm9gyBq66gwtWI8Gx0/ov+JKQ=="],

    "@img/sharp-linuxmusl-x64": ["@img/sharp-linuxmusl-x64@0.34.3", "", { "optionalDependencies": { "@img/sharp-libvips-linuxmusl-x64": "1.2.0" }, "os": "linux", "cpu": "x64" }, "sha512-gCWUn9547K5bwvOn9l5XGAEjVTTRji4aPTqLzGXHvIr6bIDZKNTA34seMPgM0WmSf+RYBH411VavCejp3PkOeQ=="],

    "@img/sharp-wasm32": ["@img/sharp-wasm32@0.34.3", "", { "dependencies": { "@emnapi/runtime": "^1.4.4" }, "cpu": "none" }, "sha512-+CyRcpagHMGteySaWos8IbnXcHgfDn7pO2fiC2slJxvNq9gDipYBN42/RagzctVRKgxATmfqOSulgZv5e1RdMg=="],

    "@img/sharp-win32-arm64": ["@img/sharp-win32-arm64@0.34.3", "", { "os": "win32", "cpu": "arm64" }, "sha512-MjnHPnbqMXNC2UgeLJtX4XqoVHHlZNd+nPt1kRPmj63wURegwBhZlApELdtxM2OIZDRv/DFtLcNhVbd1z8GYXQ=="],

    "@img/sharp-win32-ia32": ["@img/sharp-win32-ia32@0.34.3", "", { "os": "win32", "cpu": "ia32" }, "sha512-xuCdhH44WxuXgOM714hn4amodJMZl3OEvf0GVTm0BEyMeA2to+8HEdRPShH0SLYptJY1uBw+SCFP9WVQi1Q/cw=="],

    "@img/sharp-win32-x64": ["@img/sharp-win32-x64@0.34.3", "", { "os": "win32", "cpu": "x64" }, "sha512-OWwz05d++TxzLEv4VnsTz5CmZ6mI6S05sfQGEMrNrQcOEERbX46332IvE7pO/EUiw7jUrrS40z/M7kPyjfl04g=="],

    "@opentelemetry/api": ["@opentelemetry/api@1.9.0", "", {}, "sha512-3giAOQvZiH5F9bMlMiv8+GSPMeqg0dbaeo58/0SlA9sxSqZhnUtxzX9/2FzyhS9sWQf5S0GJE0AKBrFqjpeYcg=="],

    "@selderee/plugin-htmlparser2": ["@selderee/plugin-htmlparser2@0.11.0", "", { "dependencies": { "domhandler": "^5.0.3", "selderee": "^0.11.0" } }, "sha512-P33hHGdldxGabLFjPPpaTxVolMrzrcegejx+0GxjrIb9Zv48D8yAIA/QTDR2dFl7Uz7urX8aX6+5bCZslr+gWQ=="],

    "@standard-schema/spec": ["@standard-schema/spec@1.0.0", "", {}, "sha512-m2bOd0f2RT9k8QJx1JN85cZYyH1RqFBdlwtkSlf4tBDYLCiiZnv1fIIwacK6cqwXavOydf0NPToMQgpKq+dVlA=="],

    "@types/bun": ["@types/bun@1.2.20", "", { "dependencies": { "bun-types": "1.2.20" } }, "sha512-dX3RGzQ8+KgmMw7CsW4xT5ITBSCrSbfHc36SNT31EOUg/LA9JWq0VDdEXDRSe1InVWpd2yLUM1FUF/kEOyTzYA=="],

    "@types/html-to-text": ["@types/html-to-text@9.0.4", "", {}, "sha512-pUY3cKH/Nm2yYrEmDlPR1mR7yszjGx4DrwPjQ702C4/D5CwHuZTgZdIdwPkRbcuhs7BAh2L5rg3CL5cbRiGTCQ=="],

    "@types/node": ["@types/node@24.2.1", "", { "dependencies": { "undici-types": "~7.10.0" } }, "sha512-DRh5K+ka5eJic8CjH7td8QpYEV6Zo10gfRkjHCO3weqZHWDtAaSTFtl4+VMqOJ4N5jcuhZ9/l+yy8rVgw7BQeQ=="],

    "@types/react": ["@types/react@19.1.10", "", { "dependencies": { "csstype": "^3.0.2" } }, "sha512-EhBeSYX0Y6ye8pNebpKrwFJq7BoQ8J5SO6NlvNwwHjSj6adXJViPQrKlsyPw7hLBLvckEMO1yxeGdR82YBBlDg=="],

    "@types/sharp": ["@types/sharp@0.32.0", "", { "dependencies": { "sharp": "*" } }, "sha512-OOi3kL+FZDnPhVzsfD37J88FNeZh6gQsGcLc95NbeURRGvmSjeXiDcyWzF2o3yh/gQAUn2uhh/e+CPCa5nwAxw=="],

    "@types/yargs": ["@types/yargs@17.0.33", "", { "dependencies": { "@types/yargs-parser": "*" } }, "sha512-WpxBCKWPLr4xSsHgz511rFJAM+wS28w2zEO1QDNY5zM/S8ok70NNfztH0xwhqKyaK0OHCbN98LDAZuy1ctxDkA=="],

    "@types/yargs-parser": ["@types/yargs-parser@21.0.3", "", {}, "sha512-I4q9QU9MQv4oEOz4tAHJtNz1cwuLxn2F3xcc2iV5WdqLPpUnj30aUuxt1mAxYTG+oe8CZMV/+6rU4S4gRDzqtQ=="],

    "ai": ["ai@5.0.22", "", { "dependencies": { "@ai-sdk/gateway": "1.0.11", "@ai-sdk/provider": "2.0.0", "@ai-sdk/provider-utils": "3.0.5", "@opentelemetry/api": "1.9.0" }, "peerDependencies": { "zod": "^3.25.76 || ^4" } }, "sha512-RZiYhj7Ux7hrLtXkHPcxzdiSZt4NOiC69O5AkNfMCsz3twwz/KRkl9ASptosoOsg833s5yRcTSdIu5z53Sl6Pw=="],

    "ansi-regex": ["ansi-regex@6.1.0", "", {}, "sha512-7HSX4QQb4CspciLpVFwyRe79O3xsIZDDLER21kERQ71oaPodF8jL725AgJMFAYbooIqolJoRLuM81SpeUkpkvA=="],

    "ansi-styles": ["ansi-styles@6.2.1", "", {}, "sha512-bN798gFfQX+viw3R7yrGWRqnrN2oRkEkUjjl4JNn4E8GxxbjtG3FbrEIIY3l8/hrwUwIeCZvi4QuOTP4MErVug=="],

    "bun-types": ["bun-types@1.2.20", "", { "dependencies": { "@types/node": "*" }, "peerDependencies": { "@types/react": "^19" } }, "sha512-pxTnQYOrKvdOwyiyd/7sMt9yFOenN004Y6O4lCcCUoKVej48FS5cvTw9geRaEcB9TsDZaJKAxPTVvi8tFsVuXA=="],

    "camel-case": ["camel-case@4.1.2", "", { "dependencies": { "pascal-case": "^3.1.2", "tslib": "^2.0.3" } }, "sha512-gxGWBrTT1JuMx6R+o5PTXMmUnhnVzLQ9SNutD4YqKtI6ap897t3tKECYla6gCWEkplXnlNybEkZg9GEGxKFCgw=="],

    "capital-case": ["capital-case@1.0.4", "", { "dependencies": { "no-case": "^3.0.4", "tslib": "^2.0.3", "upper-case-first": "^2.0.2" } }, "sha512-ds37W8CytHgwnhGGTi88pcPyR15qoNkOpYwmMMfnWqqWgESapLqvDx6huFjQ5vqWSn2Z06173XNA7LtMOeUh1A=="],

    "change-case": ["change-case@4.1.2", "", { "dependencies": { "camel-case": "^4.1.2", "capital-case": "^1.0.4", "constant-case": "^3.0.4", "dot-case": "^3.0.4", "header-case": "^2.0.4", "no-case": "^3.0.4", "param-case": "^3.0.4", "pascal-case": "^3.1.2", "path-case": "^3.0.4", "sentence-case": "^3.0.4", "snake-case": "^3.0.4", "tslib": "^2.0.3" } }, "sha512-bSxY2ws9OtviILG1EiY5K7NNxkqg/JnRnFxLtKQ96JaviiIxi7djMrSd0ECT9AC+lttClmYwKw53BWpOMblo7A=="],

    "cliui": ["cliui@9.0.1", "", { "dependencies": { "string-width": "^7.2.0", "strip-ansi": "^7.1.0", "wrap-ansi": "^9.0.0" } }, "sha512-k7ndgKhwoQveBL+/1tqGJYNz097I7WOvwbmmU2AR5+magtbjPWQTS1C5vzGkBC8Ym8UWRzfKUzUUqFLypY4Q+w=="],

    "color": ["color@4.2.3", "", { "dependencies": { "color-convert": "^2.0.1", "color-string": "^1.9.0" } }, "sha512-1rXeuUUiGGrykh+CeBdu5Ie7OJwinCgQY0bc7GCRxy5xVHy+moaqkpL/jqQq0MtQOeYcrqEz4abc5f0KtU7W4A=="],

    "color-convert": ["color-convert@2.0.1", "", { "dependencies": { "color-name": "~1.1.4" } }, "sha512-RRECPsj7iu/xb5oKYcsFHSppFNnsj/52OVTRKb4zP5onXwVF3zVmmToNcOfGC+CRDpfK/U584fMg38ZHCaElKQ=="],

    "color-name": ["color-name@1.1.4", "", {}, "sha512-dOy+3AuW3a2wNbZHIuMZpTcgjGuLU/uBL/ubcZF9OXbDo8ff4O8yVp5Bf0efS8uEoYo5q4Fx7dY9OgQGXgAsQA=="],

    "color-string": ["color-string@1.9.1", "", { "dependencies": { "color-name": "^1.0.0", "simple-swizzle": "^0.2.2" } }, "sha512-shrVawQFojnZv6xM40anx4CkoDP+fZsw/ZerEMsW/pyzsRbElpsL/DBVW7q3ExxwusdNXI3lXpuhEZkzs8p5Eg=="],

    "constant-case": ["constant-case@3.0.4", "", { "dependencies": { "no-case": "^3.0.4", "tslib": "^2.0.3", "upper-case": "^2.0.2" } }, "sha512-I2hSBi7Vvs7BEuJDr5dDHfzb/Ruj3FyvFyh7KLilAjNQw3Be+xgqUBA2W6scVEcL0hL1dwPRtIqEPVUCKkSsyQ=="],

    "csstype": ["csstype@3.1.3", "", {}, "sha512-M1uQkMl8rQK/szD0LNhtqxIPLpimGm8sOBwU7lLnCpSbTyY3yeU1Vc7l4KT5zT4s/yOxHH5O7tIuuLOCnLADRw=="],

    "deepmerge": ["deepmerge@4.3.1", "", {}, "sha512-3sUqbMEc77XqpdNO7FRyRog+eW3ph+GYCbj+rK+uYyRMuwsVy0rMiVtPn+QJlKFvWP/1PYpapqYn0Me2knFn+A=="],

    "detect-libc": ["detect-libc@2.0.4", "", {}, "sha512-3UDv+G9CsCKO1WKMGw9fwq/SWJYbI0c5Y7LU1AXYoDdbhE2AHQ6N6Nb34sG8Fj7T5APy8qXDCKuuIHd1BR0tVA=="],

    "dom-serializer": ["dom-serializer@2.0.0", "", { "dependencies": { "domelementtype": "^2.3.0", "domhandler": "^5.0.2", "entities": "^4.2.0" } }, "sha512-wIkAryiqt/nV5EQKqQpo3SToSOV9J0DnbJqwK7Wv/Trc92zIAYZ4FlMu+JPFW1DfGFt81ZTCGgDEabffXeLyJg=="],

    "domelementtype": ["domelementtype@2.3.0", "", {}, "sha512-OLETBj6w0OsagBwdXnPdN0cnMfF9opN69co+7ZrbfPGrdpPVNBUj02spi6B1N7wChLQiPn4CSH/zJvXw56gmHw=="],

    "domhandler": ["domhandler@5.0.3", "", { "dependencies": { "domelementtype": "^2.3.0" } }, "sha512-cgwlv/1iFQiFnU96XXgROh8xTeetsnJiDsTc7TYCLFd9+/WNkIqPTxiM/8pSd8VIrhXGTf1Ny1q1hquVqDJB5w=="],

    "domutils": ["domutils@3.2.2", "", { "dependencies": { "dom-serializer": "^2.0.0", "domelementtype": "^2.3.0", "domhandler": "^5.0.3" } }, "sha512-6kZKyUajlDuqlHKVX1w7gyslj9MPIXzIFiz/rGu35uC1wMi+kMhQwGhl4lt9unC9Vb9INnY9Z3/ZA3+FhASLaw=="],

    "dot-case": ["dot-case@3.0.4", "", { "dependencies": { "no-case": "^3.0.4", "tslib": "^2.0.3" } }, "sha512-Kv5nKlh6yRrdrGvxeJ2e5y2eRUpkUosIW4A2AS38zwSz27zu7ufDwQPi5Jhs3XAlGNetl3bmnGhQsMtkKJnj3w=="],

    "emoji-regex": ["emoji-regex@10.4.0", "", {}, "sha512-EC+0oUMY1Rqm4O6LLrgjtYDvcVYTy7chDnM4Q7030tP4Kwj3u/pR6gP9ygnp2CJMK5Gq+9Q2oqmrFJAz01DXjw=="],

    "entities": ["entities@4.5.0", "", {}, "sha512-V0hjH4dGPh9Ao5p0MoRY6BVqtwCjhz6vI5LT8AJ55H+4g9/4vbHx1I54fS0XuclLhDHArPQCiMjDxjaL8fPxhw=="],

    "escalade": ["escalade@3.2.0", "", {}, "sha512-WUj2qlxaQtO4g6Pq5c29GTcWGDyd8itL8zTlipgECz3JesAiiOKotd8JU6otB3PACgG6xkJUyVhboMS+bje/jA=="],

    "events-to-async": ["events-to-async@2.0.1", "", {}, "sha512-RtnLYrMbXp4JkZIoZu+3VTqV21bNVBlJBZ4NmtwvMNqSE3qouhxv2gvLE4JJDaQc54ioPkrX74V6x+hp/hqjkQ=="],

    "eventsource-parser": ["eventsource-parser@3.0.3", "", {}, "sha512-nVpZkTMM9rF6AQ9gPJpFsNAMt48wIzB5TQgiTLdHiuO8XEDhUgZEhqKlZWXbIzo9VmJ/HvysHqEaVeD5v9TPvA=="],

    "get-caller-file": ["get-caller-file@2.0.5", "", {}, "sha512-DyFP3BM/3YHTQOCUL/w0OZHR0lpKeGrxotcHWcqNEdnltqFwXVfhEBQ94eIo34AfQpo0rGki4cyIiftY06h2Fg=="],

    "get-east-asian-width": ["get-east-asian-width@1.3.0", "", {}, "sha512-vpeMIQKxczTD/0s2CdEWHcb0eeJe6TFjxb+J5xgX7hScxqrGuyjmv4c1D4A/gelKfyox0gJJwIHF+fLjeaM8kQ=="],

    "header-case": ["header-case@2.0.4", "", { "dependencies": { "capital-case": "^1.0.4", "tslib": "^2.0.3" } }, "sha512-H/vuk5TEEVZwrR0lp2zed9OCo1uAILMlx0JEMgC26rzyJJ3N1v6XkwHHXJQdR2doSjcGPM6OKPYoJgf0plJ11Q=="],

    "html-to-text": ["html-to-text@9.0.5", "", { "dependencies": { "@selderee/plugin-htmlparser2": "^0.11.0", "deepmerge": "^4.3.1", "dom-serializer": "^2.0.0", "htmlparser2": "^8.0.2", "selderee": "^0.11.0" } }, "sha512-qY60FjREgVZL03vJU6IfMV4GDjGBIoOyvuFdpBDIX9yTlDw0TjxVBQp+P8NvpdIXNJvfWBTNul7fsAQJq2FNpg=="],

    "htmlparser2": ["htmlparser2@8.0.2", "", { "dependencies": { "domelementtype": "^2.3.0", "domhandler": "^5.0.3", "domutils": "^3.0.1", "entities": "^4.4.0" } }, "sha512-GYdjWKDkbRLkZ5geuHs5NY1puJ+PXwP7+fHPRz06Eirsb9ugf6d8kkXav6ADhcODhFFPMIXyxkxSuMf3D6NCFA=="],

    "is-arrayish": ["is-arrayish@0.3.2", "", {}, "sha512-eVRqCvVlZbuw3GrM63ovNSNAeA1K16kaR/LRY/92w0zxQ5/1YzwblUX652i4Xs9RwAGjW9d9y6X88t8OaAJfWQ=="],

    "isomorphic-ws": ["isomorphic-ws@5.0.0", "", { "peerDependencies": { "ws": "*" } }, "sha512-muId7Zzn9ywDsyXgTIafTry2sV3nySZeUDe6YedVd1Hvuuep5AsIlqK+XefWpYTyJG5e503F2xIuT2lcU6rCSw=="],

    "json-schema": ["json-schema@0.4.0", "", {}, "sha512-es94M3nTIfsEPisRafak+HDLfHXnKBhV3vU5eqPcS3flIWqcxJWgXHXiey3YrpaNsanY5ei1VoYEbOzijuq9BA=="],

    "leac": ["leac@0.6.0", "", {}, "sha512-y+SqErxb8h7nE/fiEX07jsbuhrpO9lL8eca7/Y1nuWV2moNlXhyd59iDGcRf6moVyDMbmTNzL40SUyrFU/yDpg=="],

    "lower-case": ["lower-case@2.0.2", "", { "dependencies": { "tslib": "^2.0.3" } }, "sha512-7fm3l3NAF9WfN6W3JOmf5drwpVqX78JtoGJ3A6W0a6ZnldM41w2fV5D490psKFTpMds8TJse/eHLFFsNHHjHgg=="],

    "masto": ["masto@7.2.0", "", { "dependencies": { "change-case": "^4.1.2", "events-to-async": "^2.0.1", "isomorphic-ws": "^5.0.0", "ts-custom-error": "^3.3.1", "ws": "^8.18.0" } }, "sha512-fjaLIEj0rOn4fzrvOzA/YXgI8kwFX10Z5G8c7hIof6zmbS9aPg5sdrRp54F0gjQZWgBjjWKxVh155zxWnx4Udg=="],

    "moment": ["moment@2.30.1", "", {}, "sha512-uEmtNhbDOrWPFS+hdjFCBfy9f2YoyzRpwcl+DqpC6taX21FzsTLQVbMV/W7PzNSX6x/bhC1zA3c2UQ5NzH6how=="],

    "no-case": ["no-case@3.0.4", "", { "dependencies": { "lower-case": "^2.0.2", "tslib": "^2.0.3" } }, "sha512-fgAN3jGAh+RoxUGZHTSOLJIqUc2wmoBwGR4tbpNAKmmovFoWq0OdRkb0VkldReO2a2iBT/OEulG9XSUc10r3zg=="],

    "param-case": ["param-case@3.0.4", "", { "dependencies": { "dot-case": "^3.0.4", "tslib": "^2.0.3" } }, "sha512-RXlj7zCYokReqWpOPH9oYivUzLYZ5vAPIfEmCTNViosC78F8F0H9y7T7gG2M39ymgutxF5gcFEsyZQSph9Bp3A=="],

    "parseley": ["parseley@0.12.1", "", { "dependencies": { "leac": "^0.6.0", "peberminta": "^0.9.0" } }, "sha512-e6qHKe3a9HWr0oMRVDTRhKce+bRO8VGQR3NyVwcjwrbhMmFCX9KszEV35+rn4AdilFAq9VPxP/Fe1wC9Qjd2lw=="],

    "pascal-case": ["pascal-case@3.1.2", "", { "dependencies": { "no-case": "^3.0.4", "tslib": "^2.0.3" } }, "sha512-uWlGT3YSnK9x3BQJaOdcZwrnV6hPpd8jFH1/ucpiLRPh/2zCVJKS19E4GvYHvaCcACn3foXZ0cLB9Wrx1KGe5g=="],

    "path-case": ["path-case@3.0.4", "", { "dependencies": { "dot-case": "^3.0.4", "tslib": "^2.0.3" } }, "sha512-qO4qCFjXqVTrcbPt/hQfhTQ+VhFsqNKOPtytgNKkKxSoEp3XPUQ8ObFuePylOIok5gjn69ry8XiULxCwot3Wfg=="],

    "peberminta": ["peberminta@0.9.0", "", {}, "sha512-XIxfHpEuSJbITd1H3EeQwpcZbTLHc+VVr8ANI9t5sit565tsI4/xK3KWTUFE2e6QiangUkh3B0jihzmGnNrRsQ=="],

    "prettier": ["prettier@3.6.2", "", { "bin": { "prettier": "bin/prettier.cjs" } }, "sha512-I7AIg5boAr5R0FFtJ6rCfD+LFsWHp81dolrFD8S79U9tb8Az2nGrJncnMSnys+bpQJfRUzqs9hnA81OAA3hCuQ=="],

    "selderee": ["selderee@0.11.0", "", { "dependencies": { "parseley": "^0.12.0" } }, "sha512-5TF+l7p4+OsnP8BCCvSyZiSPc4x4//p5uPwK8TCnVPJYRmU2aYKMpOXvw8zM5a5JvuuCGN1jmsMwuU2W02ukfA=="],

    "semver": ["semver@7.7.2", "", { "bin": { "semver": "bin/semver.js" } }, "sha512-RF0Fw+rO5AMf9MAyaRXI4AV0Ulj5lMHqVxxdSgiVbixSCXoEmmX/jk0CuJw4+3SqroYO9VoUh+HcuJivvtJemA=="],

    "sentence-case": ["sentence-case@3.0.4", "", { "dependencies": { "no-case": "^3.0.4", "tslib": "^2.0.3", "upper-case-first": "^2.0.2" } }, "sha512-8LS0JInaQMCRoQ7YUytAo/xUu5W2XnQxV2HI/6uM6U7CITS1RqPElr30V6uIqyMKM9lJGRVFy5/4CuzcixNYSg=="],

    "sharp": ["sharp@0.34.3", "", { "dependencies": { "color": "^4.2.3", "detect-libc": "^2.0.4", "semver": "^7.7.2" }, "optionalDependencies": { "@img/sharp-darwin-arm64": "0.34.3", "@img/sharp-darwin-x64": "0.34.3", "@img/sharp-libvips-darwin-arm64": "1.2.0", "@img/sharp-libvips-darwin-x64": "1.2.0", "@img/sharp-libvips-linux-arm": "1.2.0", "@img/sharp-libvips-linux-arm64": "1.2.0", "@img/sharp-libvips-linux-ppc64": "1.2.0", "@img/sharp-libvips-linux-s390x": "1.2.0", "@img/sharp-libvips-linux-x64": "1.2.0", "@img/sharp-libvips-linuxmusl-arm64": "1.2.0", "@img/sharp-libvips-linuxmusl-x64": "1.2.0", "@img/sharp-linux-arm": "0.34.3", "@img/sharp-linux-arm64": "0.34.3", "@img/sharp-linux-ppc64": "0.34.3", "@img/sharp-linux-s390x": "0.34.3", "@img/sharp-linux-x64": "0.34.3", "@img/sharp-linuxmusl-arm64": "0.34.3", "@img/sharp-linuxmusl-x64": "0.34.3", "@img/sharp-wasm32": "0.34.3", "@img/sharp-win32-arm64": "0.34.3", "@img/sharp-win32-ia32": "0.34.3", "@img/sharp-win32-x64": "0.34.3" } }, "sha512-eX2IQ6nFohW4DbvHIOLRB3MHFpYqaqvXd3Tp5e/T/dSH83fxaNJQRvDMhASmkNTsNTVF2/OOopzRCt7xokgPfg=="],

    "simple-swizzle": ["simple-swizzle@0.2.2", "", { "dependencies": { "is-arrayish": "^0.3.1" } }, "sha512-JA//kQgZtbuY83m+xT+tXJkmJncGMTFT+C+g2h2R9uxkYIrE2yy9sgmcLhCnw57/WSD+Eh3J97FPEDFnbXnDUg=="],

    "snake-case": ["snake-case@3.0.4", "", { "dependencies": { "dot-case": "^3.0.4", "tslib": "^2.0.3" } }, "sha512-LAOh4z89bGQvl9pFfNF8V146i7o7/CqFPbqzYgP+yYzDIDeS9HaNFtXABamRW+AQzEVODcvE79ljJ+8a9YSdMg=="],

    "string-width": ["string-width@7.2.0", "", { "dependencies": { "emoji-regex": "^10.3.0", "get-east-asian-width": "^1.0.0", "strip-ansi": "^7.1.0" } }, "sha512-tsaTIkKW9b4N+AEj+SVA+WhJzV7/zMhcSu78mLKWSk7cXMOSHsBKFWUs0fWwq8QyK3MgJBQRX6Gbi4kYbdvGkQ=="],

    "strip-ansi": ["strip-ansi@7.1.0", "", { "dependencies": { "ansi-regex": "^6.0.1" } }, "sha512-iq6eVVI64nQQTRYq2KtEg2d2uU7LElhTJwsH4YzIHZshxlgZms/wIc4VoDQTlG/IvVIrBKG06CrZnp0qv7hkcQ=="],

    "ts-custom-error": ["ts-custom-error@3.3.1", "", {}, "sha512-5OX1tzOjxWEgsr/YEUWSuPrQ00deKLh6D7OTWcvNHm12/7QPyRh8SYpyWvA4IZv8H/+GQWQEh/kwo95Q9OVW1A=="],

    "tslib": ["tslib@2.8.1", "", {}, "sha512-oJFu94HQb+KVduSUQL7wnpmqnfmLsOA/nAh6b6EH0wCEoK0/mPeXU6c3wKDV83MkOuHPRHtSXKKU99IBazS/2w=="],

    "typescript": ["typescript@5.9.2", "", { "bin": { "tsc": "bin/tsc", "tsserver": "bin/tsserver" } }, "sha512-CWBzXQrc/qOkhidw1OzBTQuYRbfyxDXJMVJ1XNwUHGROVmuaeiEm3OslpZ1RV96d7SKKjZKrSJu3+t/xlw3R9A=="],

    "undici-types": ["undici-types@7.10.0", "", {}, "sha512-t5Fy/nfn+14LuOc2KNYg75vZqClpAiqscVvMygNnlsHBFpSXdJaYtXMcdNLpl/Qvc3P2cB3s6lOV51nqsFq4ag=="],

    "upper-case": ["upper-case@2.0.2", "", { "dependencies": { "tslib": "^2.0.3" } }, "sha512-KgdgDGJt2TpuwBUIjgG6lzw2GWFRCW9Qkfkiv0DxqHHLYJHmtmdUIKcZd8rHgFSjopVTlw6ggzCm1b8MFQwikg=="],

    "upper-case-first": ["upper-case-first@2.0.2", "", { "dependencies": { "tslib": "^2.0.3" } }, "sha512-514ppYHBaKwfJRK/pNC6c/OxfGa0obSnAl106u97Ed0I625Nin96KAjttZF6ZL3e1XLtphxnqrOi9iWgm+u+bg=="],

    "wrap-ansi": ["wrap-ansi@9.0.0", "", { "dependencies": { "ansi-styles": "^6.2.1", "string-width": "^7.0.0", "strip-ansi": "^7.1.0" } }, "sha512-G8ura3S+3Z2G+mkgNRq8dqaFZAuxfsxpBB8OCTGRTCtp+l/v9nbFNmCUP1BZMts3G1142MsZfn6eeUKrr4PD1Q=="],

    "ws": ["ws@8.18.3", "", { "peerDependencies": { "bufferutil": "^4.0.1", "utf-8-validate": ">=5.0.2" }, "optionalPeers": ["bufferutil", "utf-8-validate"] }, "sha512-PEIGCY5tSlUt50cqyMXfCzX+oOPqN0vuGqWzbcJ2xvnkzkq46oOpz7dQaTDBdfICb4N14+GARUDw2XV2N4tvzg=="],

    "y18n": ["y18n@5.0.8", "", {}, "sha512-0pfFzegeDWJHJIAmTLRP2DwHjdF5s7jo9tuztdQxAhINCdvS+3nGINqPd00AphqJR/0LhANUS6/+7SCb98YOfA=="],

    "yargs": ["yargs@18.0.0", "", { "dependencies": { "cliui": "^9.0.1", "escalade": "^3.1.1", "get-caller-file": "^2.0.5", "string-width": "^7.2.0", "y18n": "^5.0.5", "yargs-parser": "^22.0.0" } }, "sha512-4UEqdc2RYGHZc7Doyqkrqiln3p9X2DZVxaGbwhn2pi7MrRagKaOcIKe8L3OxYcbhXLgLFUS3zAYuQjKBQgmuNg=="],

    "yargs-parser": ["yargs-parser@22.0.0", "", {}, "sha512-rwu/ClNdSMpkSrUb+d6BRsSkLUq1fmfsY6TOpYzTwvwkg1/NRG85KBy3kq++A8LKQwX6lsu+aWad+2khvuXrqw=="],

    "zod": ["zod@4.0.17", "", {}, "sha512-1PHjlYRevNxxdy2JZ8JcNAw7rX8V9P1AKkP+x/xZfxB0K5FYfuV+Ug6P/6NVSR2jHQ+FzDDoDHS04nYUsOIyLQ=="],

    "zod-to-json-schema": ["zod-to-json-schema@3.24.6", "", { "peerDependencies": { "zod": "^3.24.1" } }, "sha512-h/z3PKvcTcTetyjl1fkj79MHNEjm+HpD6NXheWjzOekY7kV+lwDYnHw+ivHkijnCSMz1yJaWBD9vu/Fcmk+vEg=="],
  }
}
